
Microsoft Visual Studio Solution File, Format Version 12.00
# Visual Studio Version 16
VisualStudioVersion = 16.0.30611.23
MinimumVisualStudioVersion = 10.0.40219.1
Project("{9A19103F-16F7-4668-BE54-9A1E7A4F7556}") = "RentCarApp", "RentCarApp.csproj", "{EE4E0CA5-4AF5-43A4-AA0F-8702311AF24E}"
EndProject
Project("{9A19103F-16F7-4668-BE54-9A1E7A4F7556}") = "RentCarApp.Domain", "..\RentCarApp.Domain\RentCarApp.Domain.csproj", "{46D219F4-0260-4303-BBAE-F7F161CDB183}"
EndProject
Project("{9A19103F-16F7-4668-BE54-9A1E7A4F7556}") = "RentCarApp.DataAccess", "..\RentCarApp.DataAccess\RentCarApp.DataAccess.csproj", "{F9C7F720-EB66-435E-97FB-80BFACBDE8FB}"
EndProject
Project("{9A19103F-16F7-4668-BE54-9A1E7A4F7556}") = "RentCarApp.Infraestructure", "..\RentCarApp.Infraestructure\RentCarApp.Infraestructure.csproj", "{6C243C1E-506A-4015-B1B2-7FA1313B639C}"
EndProject
Project("{FAE04EC0-301F-11D3-BF4B-00C04F79EFBC}") = "RentCarApp.BusinessLogic", "..\RentCarApp.BusinessLogic\RentCarApp.BusinessLogic.csproj", "{32FA5A29-F791-4F3E-AE4C-E9C9339D5B37}"
EndProject
Project("{FAE04EC0-301F-11D3-BF4B-00C04F79EFBC}") = "RentCarApp.Common", "..\RentCarApp.Common\RentCarApp.Common.csproj", "{C8DEBF8E-CECC-428F-A4CD-01AAC2839C87}"
EndProject
Global
	GlobalSection(SolutionConfigurationPlatforms) = preSolution
		Debug|Any CPU = Debug|Any CPU
		Release|Any CPU = Release|Any CPU
	EndGlobalSection
	GlobalSection(ProjectConfigurationPlatforms) = postSolution
		{EE4E0CA5-4AF5-43A4-AA0F-8702311AF24E}.Debug|Any CPU.ActiveCfg = Debug|Any CPU
		{EE4E0CA5-4AF5-43A4-AA0F-8702311AF24E}.Debug|Any CPU.Build.0 = Debug|Any CPU
		{EE4E0CA5-4AF5-43A4-AA0F-8702311AF24E}.Release|Any CPU.ActiveCfg = Release|Any CPU
		{EE4E0CA5-4AF5-43A4-AA0F-8702311AF24E}.Release|Any CPU.Build.0 = Release|Any CPU
		{46D219F4-0260-4303-BBAE-F7F161CDB183}.Debug|Any CPU.ActiveCfg = Debug|Any CPU
		{46D219F4-0260-4303-BBAE-F7F161CDB183}.Debug|Any CPU.Build.0 = Debug|Any CPU
		{46D219F4-0260-4303-BBAE-F7F161CDB183}.Release|Any CPU.ActiveCfg = Release|Any CPU
		{46D219F4-0260-4303-BBAE-F7F161CDB183}.Release|Any CPU.Build.0 = Release|Any CPU
		{F9C7F720-EB66-435E-97FB-80BFACBDE8FB}.Debug|Any CPU.ActiveCfg = Debug|Any CPU
		{F9C7F720-EB66-435E-97FB-80BFACBDE8FB}.Debug|Any CPU.Build.0 = Debug|Any CPU
		{F9C7F720-EB66-435E-97FB-80BFACBDE8FB}.Release|Any CPU.ActiveCfg = Release|Any CPU
		{F9C7F720-EB66-435E-97FB-80BFACBDE8FB}.Release|Any CPU.Build.0 = Release|Any CPU
		{6C243C1E-506A-4015-B1B2-7FA1313B639C}.Debug|Any CPU.ActiveCfg = Debug|Any CPU
		{6C243C1E-506A-4015-B1B2-7FA1313B639C}.Debug|Any CPU.Build.0 = Debug|Any CPU
		{6C243C1E-506A-4015-B1B2-7FA1313B639C}.Release|Any CPU.ActiveCfg = Release|Any CPU
		{6C243C1E-506A-4015-B1B2-7FA1313B639C}.Release|Any CPU.Build.0 = Release|Any CPU
		{32FA5A29-F791-4F3E-AE4C-E9C9339D5B37}.Debug|Any CPU.ActiveCfg = Debug|Any CPU
		{32FA5A29-F791-4F3E-AE4C-E9C9339D5B37}.Debug|Any CPU.Build.0 = Debug|Any CPU
		{32FA5A29-F791-4F3E-AE4C-E9C9339D5B37}.Release|Any CPU.ActiveCfg = Release|Any CPU
		{32FA5A29-F791-4F3E-AE4C-E9C9339D5B37}.Release|Any CPU.Build.0 = Release|Any CPU
		{C8DEBF8E-CECC-428F-A4CD-01AAC2839C87}.Debug|Any CPU.ActiveCfg = Debug|Any CPU
		{C8DEBF8E-CECC-428F-A4CD-01AAC2839C87}.Debug|Any CPU.Build.0 = Debug|Any CPU
		{C8DEBF8E-CECC-428F-A4CD-01AAC2839C87}.Release|Any CPU.ActiveCfg = Release|Any CPU
		{C8DEBF8E-CECC-428F-A4CD-01AAC2839C87}.Release|Any CPU.Build.0 = Release|Any CPU
	EndGlobalSection
	GlobalSection(SolutionProperties) = preSolution
		HideSolutionNode = FALSE
	EndGlobalSection
	GlobalSection(ExtensibilityGlobals) = postSolution
		SolutionGuid = {65B66706-B885-43CA-A6E5-A7A0F126A540}
	EndGlobalSection
EndGlobal
